<?xml version="1.0" encoding="utf-8"?>
<Project ToolsVersion="4.0" xmlns="http://schemas.microsoft.com/developer/msbuild/2003">
  <ItemGroup>
    <Filter Include="源文件">
      <UniqueIdentifier>{4FC737F1-C7A5-4376-A066-2A32D752A2FF}</UniqueIdentifier>
      <Extensions>cpp;c;cc;cxx;def;odl;idl;hpj;bat;asm;asmx</Extensions>
    </Filter>
    <Filter Include="头文件">
      <UniqueIdentifier>{93995380-89BD-4b04-88EB-625FBE52EBFB}</UniqueIdentifier>
      <Extensions>h;hpp;hxx;hm;inl;inc;xsd</Extensions>
    </Filter>
    <Filter Include="资源文件">
      <UniqueIdentifier>{67DA6AB6-F800-4c08-8B7A-83BB121AAD01}</UniqueIdentifier>
      <Extensions>rc;ico;cur;bmp;dlg;rc2;rct;bin;rgs;gif;jpg;jpeg;jpe;resx;tiff;tif;png;wav;mfcribbon-ms</Extensions>
    </Filter>
    <Filter Include="HKSdk">
      <UniqueIdentifier>{1c7bec74-ed2c-4d79-b894-a1e63d05eb00}</UniqueIdentifier>
    </Filter>
  </ItemGroup>
  <ItemGroup>
    <None Include="ReadMe.txt" />
    <None Include="YSVideoActiveX.ico">
      <Filter>资源文件</Filter>
    </None>
    <None Include="YSVideoActiveXCtrl.bmp">
      <Filter>资源文件</Filter>
    </None>
    <None Include="YSVideoActiveX.rgs">
      <Filter>资源文件</Filter>
    </None>
  </ItemGroup>
  <ItemGroup>
    <ClCompile Include="stdafx.cpp">
      <Filter>源文件</Filter>
    </ClCompile>
    <ClCompile Include="YSVideoActiveX.cpp">
      <Filter>源文件</Filter>
    </ClCompile>
    <ClCompile Include="YSVideoActiveXCtrl.cpp">
      <Filter>源文件</Filter>
    </ClCompile>
    <ClCompile Include="YSVideoActiveXPropPage.cpp">
      <Filter>源文件</Filter>
    </ClCompile>
    <ClCompile Include="OpenSDKMgr.cpp">
      <Filter>源文件</Filter>
    </ClCompile>
  </ItemGroup>
  <ItemGroup>
    <ClInclude Include="stdafx.h">
      <Filter>头文件</Filter>
    </ClInclude>
    <ClInclude Include="targetver.h">
      <Filter>头文件</Filter>
    </ClInclude>
    <ClInclude Include="YSVideoActiveX.h">
      <Filter>头文件</Filter>
    </ClInclude>
    <ClInclude Include="Resource.h">
      <Filter>头文件</Filter>
    </ClInclude>
    <ClInclude Include="YSVideoActiveXCtrl.h">
      <Filter>头文件</Filter>
    </ClInclude>
    <ClInclude Include="YSVideoActiveXPropPage.h">
      <Filter>头文件</Filter>
    </ClInclude>
    <ClInclude Include="inc\INS_ErrorCode.h">
      <Filter>HKSdk</Filter>
    </ClInclude>
    <ClInclude Include="inc\OpenNetStreamDefine.h">
      <Filter>HKSdk</Filter>
    </ClInclude>
    <ClInclude Include="inc\OpenNetStreamError.h">
      <Filter>HKSdk</Filter>
    </ClInclude>
    <ClInclude Include="inc\OpenNetStreamInterFace.h">
      <Filter>HKSdk</Filter>
    </ClInclude>
    <ClInclude Include="inc\backward\OpenNetStreamBackwardWarning.h">
      <Filter>HKSdk</Filter>
    </ClInclude>
    <ClInclude Include="inc\backward\OpenNetStreamInterfaceBackward.h">
      <Filter>HKSdk</Filter>
    </ClInclude>
    <ClInclude Include="OpenSDKMgr.h">
      <Filter>头文件</Filter>
    </ClInclude>
  </ItemGroup>
  <ItemGroup>
    <ResourceCompile Include="YSVideoActiveX.rc">
      <Filter>资源文件</Filter>
    </ResourceCompile>
  </ItemGroup>
  <ItemGroup>
    <Midl Include="YSVideoActiveX.idl">
      <Filter>源文件</Filter>
    </Midl>
  </ItemGroup>
</Project>